
Microsoft Visual Studio Solution File, Format Version 12.00
# Visual Studio Version 16
VisualStudioVersion = 16.0.31129.286
MinimumVisualStudioVersion = 10.0.40219.1
Project("{FAE04EC0-301F-11D3-BF4B-00C04F79EFBC}") = "MEMT_KeepAlive_Console", "MEMT_KeepAlive_Console\MEMT_KeepAlive_Console.csproj", "{462EBC50-0429-475D-BDCA-1C87475F2E8A}"
EndProject
Global
	GlobalSection(SolutionConfigurationPlatforms) = preSolution
		Debug|Any CPU = Debug|Any CPU
		Release|Any CPU = Release|Any CPU
	EndGlobalSection
	GlobalSection(ProjectConfigurationPlatforms) = postSolution
		{462EBC50-0429-475D-BDCA-1C87475F2E8A}.Debug|Any CPU.ActiveCfg = Debug|Any CPU
		{462EBC50-0429-475D-BDCA-1C87475F2E8A}.Debug|Any CPU.Build.0 = Debug|Any CPU
		{462EBC50-0429-475D-BDCA-1C87475F2E8A}.Release|Any CPU.ActiveCfg = Release|Any CPU
		{462EBC50-0429-475D-BDCA-1C87475F2E8A}.Release|Any CPU.Build.0 = Release|Any CPU
	EndGlobalSection
	GlobalSection(SolutionProperties) = preSolution
		HideSolutionNode = FALSE
	EndGlobalSection
	GlobalSection(ExtensibilityGlobals) = postSolution
		SolutionGuid = {B471938C-C057-49C1-A298-6F8B66050746}
	EndGlobalSection
EndGlobal
